// !$*UTF8*$!
{
	archiveVersion = 1;
	classes = {
	};
	objectVersion = 46;
	objects = {

/* Begin PBXBuildFile section */
		CF66980118CC30A800E2388B /* Foundation.framework in Frameworks */ = {isa = PBXBuildFile; fileRef = CF66980018CC30A800E2388B /* Foundation.framework */; };
		CF66980318CC30A800E2388B /* CoreGraphics.framework in Frameworks */ = {isa = PBXBuildFile; fileRef = CF66980218CC30A800E2388B /* CoreGraphics.framework */; };
		CF66980518CC30A800E2388B /* UIKit.framework in Frameworks */ = {isa = PBXBuildFile; fileRef = CF66980418CC30A800E2388B /* UIKit.framework */; };
		CF66980B18CC30A800E2388B /* InfoPlist.strings in Resources */ = {isa = PBXBuildFile; fileRef = CF66980918CC30A800E2388B /* InfoPlist.strings */; };
		CF66980D18CC30A800E2388B /* main.m in Sources */ = {isa = PBXBuildFile; fileRef = CF66980C18CC30A800E2388B /* main.m */; };
		CF66981118CC30A800E2388B /* AAAppDelegate.m in Sources */ = {isa = PBXBuildFile; fileRef = CF66981018CC30A800E2388B /* AAAppDelegate.m */; };
		CF66981418CC30A800E2388B /* Main.storyboard in Resources */ = {isa = PBXBuildFile; fileRef = CF66981218CC30A800E2388B /* Main.storyboard */; };
		CF66981718CC30A800E2388B /* AAViewController.m in Sources */ = {isa = PBXBuildFile; fileRef = CF66981618CC30A800E2388B /* AAViewController.m */; };
		CF66981918CC30A800E2388B /* Images.xcassets in Resources */ = {isa = PBXBuildFile; fileRef = CF66981818CC30A800E2388B /* Images.xcassets */; };
		CF66982018CC30A800E2388B /* XCTest.framework in Frameworks */ = {isa = PBXBuildFile; fileRef = CF66981F18CC30A800E2388B /* XCTest.framework */; };
		CF66982118CC30A800E2388B /* Foundation.framework in Frameworks */ = {isa = PBXBuildFile; fileRef = CF66980018CC30A800E2388B /* Foundation.framework */; };
		CF66982218CC30A800E2388B /* UIKit.framework in Frameworks */ = {isa = PBXBuildFile; fileRef = CF66980418CC30A800E2388B /* UIKit.framework */; };
		CF66982A18CC30A800E2388B /* InfoPlist.strings in Resources */ = {isa = PBXBuildFile; fileRef = CF66982818CC30A800E2388B /* InfoPlist.strings */; };
		CF66982C18CC30A800E2388B /* whackamoleTests.m in Sources */ = {isa = PBXBuildFile; fileRef = CF66982B18CC30A800E2388B /* whackamoleTests.m */; };
		CF66983718CC326B00E2388B /* AAFieldView.m in Sources */ = {isa = PBXBuildFile; fileRef = CF66983618CC326B00E2388B /* AAFieldView.m */; };
		CF66983A18CC40BC00E2388B /* AAMole.m in Sources */ = {isa = PBXBuildFile; fileRef = CF66983918CC40BC00E2388B /* AAMole.m */; };
/* End PBXBuildFile section */

/* Begin PBXContainerItemProxy section */
		CF66982318CC30A800E2388B /* PBXContainerItemProxy */ = {
			isa = PBXContainerItemProxy;
			containerPortal = CF6697F518CC30A800E2388B /* Project object */;
			proxyType = 1;
			remoteGlobalIDString = CF6697FC18CC30A800E2388B;
			remoteInfo = whackamole;
		};
/* End PBXContainerItemProxy section */

/* Begin PBXFileReference section */
		CF6697FD18CC30A800E2388B /* whackamole.app */ = {isa = PBXFileReference; explicitFileType = wrapper.application; includeInIndex = 0; path = whackamole.app; sourceTree = BUILT_PRODUCTS_DIR; };
		CF66980018CC30A800E2388B /* Foundation.framework */ = {isa = PBXFileReference; lastKnownFileType = wrapper.framework; name = Foundation.framework; path = System/Library/Frameworks/Foundation.framework; sourceTree = SDKROOT; };
		CF66980218CC30A800E2388B /* CoreGraphics.framework */ = {isa = PBXFileReference; lastKnownFileType = wrapper.framework; name = CoreGraphics.framework; path = System/Library/Frameworks/CoreGraphics.framework; sourceTree = SDKROOT; };
		CF66980418CC30A800E2388B /* UIKit.framework */ = {isa = PBXFileReference; lastKnownFileType = wrapper.framework; name = UIKit.framework; path = System/Library/Frameworks/UIKit.framework; sourceTree = SDKROOT; };
		CF66980818CC30A800E2388B /* whackamole-Info.plist */ = {isa = PBXFileReference; lastKnownFileType = text.plist.xml; path = "whackamole-Info.plist"; sourceTree = "<group>"; };
		CF66980A18CC30A800E2388B /* en */ = {isa = PBXFileReference; lastKnownFileType = text.plist.strings; name = en; path = en.lproj/InfoPlist.strings; sourceTree = "<group>"; };
		CF66980C18CC30A800E2388B /* main.m */ = {isa = PBXFileReference; lastKnownFileType = sourcecode.c.objc; path = main.m; sourceTree = "<group>"; };
		CF66980E18CC30A800E2388B /* whackamole-Prefix.pch */ = {isa = PBXFileReference; lastKnownFileType = sourcecode.c.h; path = "whackamole-Prefix.pch"; sourceTree = "<group>"; };
		CF66980F18CC30A800E2388B /* AAAppDelegate.h */ = {isa = PBXFileReference; lastKnownFileType = sourcecode.c.h; path = AAAppDelegate.h; sourceTree = "<group>"; };
		CF66981018CC30A800E2388B /* AAAppDelegate.m */ = {isa = PBXFileReference; lastKnownFileType = sourcecode.c.objc; path = AAAppDelegate.m; sourceTree = "<group>"; };
		CF66981318CC30A800E2388B /* Base */ = {isa = PBXFileReference; lastKnownFileType = file.storyboard; name = Base; path = Base.lproj/Main.storyboard; sourceTree = "<group>"; };
		CF66981518CC30A800E2388B /* AAViewController.h */ = {isa = PBXFileReference; lastKnownFileType = sourcecode.c.h; path = AAViewController.h; sourceTree = "<group>"; };
		CF66981618CC30A800E2388B /* AAViewController.m */ = {isa = PBXFileReference; lastKnownFileType = sourcecode.c.objc; path = AAViewController.m; sourceTree = "<group>"; };
		CF66981818CC30A800E2388B /* Images.xcassets */ = {isa = PBXFileReference; lastKnownFileType = folder.assetcatalog; path = Images.xcassets; sourceTree = "<group>"; };
		CF66981E18CC30A800E2388B /* whackamoleTests.xctest */ = {isa = PBXFileReference; explicitFileType = wrapper.cfbundle; includeInIndex = 0; path = whackamoleTests.xctest; sourceTree = BUILT_PRODUCTS_DIR; };
		CF66981F18CC30A800E2388B /* XCTest.framework */ = {isa = PBXFileReference; lastKnownFileType = wrapper.framework; name = XCTest.framework; path = Library/Frameworks/XCTest.framework; sourceTree = DEVELOPER_DIR; };
		CF66982718CC30A800E2388B /* whackamoleTests-Info.plist */ = {isa = PBXFileReference; lastKnownFileType = text.plist.xml; path = "whackamoleTests-Info.plist"; sourceTree = "<group>"; };
		CF66982918CC30A800E2388B /* en */ = {isa = PBXFileReference; lastKnownFileType = text.plist.strings; name = en; path = en.lproj/InfoPlist.strings; sourceTree = "<group>"; };
		CF66982B18CC30A800E2388B /* whackamoleTests.m */ = {isa = PBXFileReference; lastKnownFileType = sourcecode.c.objc; path = whackamoleTests.m; sourceTree = "<group>"; };
		CF66983518CC326B00E2388B /* AAFieldView.h */ = {isa = PBXFileReference; fileEncoding = 4; lastKnownFileType = sourcecode.c.h; path = AAFieldView.h; sourceTree = "<group>"; };
		CF66983618CC326B00E2388B /* AAFieldView.m */ = {isa = PBXFileReference; fileEncoding = 4; lastKnownFileType = sourcecode.c.objc; path = AAFieldView.m; sourceTree = "<group>"; };
		CF66983818CC40BC00E2388B /* AAMole.h */ = {isa = PBXFileReference; fileEncoding = 4; lastKnownFileType = sourcecode.c.h; path = AAMole.h; sourceTree = "<group>"; };
		CF66983918CC40BC00E2388B /* AAMole.m */ = {isa = PBXFileReference; fileEncoding = 4; lastKnownFileType = sourcecode.c.objc; path = AAMole.m; sourceTree = "<group>"; };
/* End PBXFileReference section */

/* Begin PBXFrameworksBuildPhase section */
		CF6697FA18CC30A800E2388B /* Frameworks */ = {
			isa = PBXFrameworksBuildPhase;
			buildActionMask = 2147483647;
			files = (
				CF66980318CC30A800E2388B /* CoreGraphics.framework in Frameworks */,
				CF66980518CC30A800E2388B /* UIKit.framework in Frameworks */,
				CF66980118CC30A800E2388B /* Foundation.framework in Frameworks */,
			);
			runOnlyForDeploymentPostprocessing = 0;
		};
		CF66981B18CC30A800E2388B /* Frameworks */ = {
			isa = PBXFrameworksBuildPhase;
			buildActionMask = 2147483647;
			files = (
				CF66982018CC30A800E2388B /* XCTest.framework in Frameworks */,
				CF66982218CC30A800E2388B /* UIKit.framework in Frameworks */,
				CF66982118CC30A800E2388B /* Foundation.framework in Frameworks */,
			);
			runOnlyForDeploymentPostprocessing = 0;
		};
/* End PBXFrameworksBuildPhase section */

/* Begin PBXGroup section */
		CF6697F418CC30A800E2388B = {
			isa = PBXGroup;
			children = (
				CF66980618CC30A800E2388B /* whackamole */,
				CF66982518CC30A800E2388B /* whackamoleTests */,
				CF6697FF18CC30A800E2388B /* Frameworks */,
				CF6697FE18CC30A800E2388B /* Products */,
			);
			sourceTree = "<group>";
		};
		CF6697FE18CC30A800E2388B /* Products */ = {
			isa = PBXGroup;
			children = (
				CF6697FD18CC30A800E2388B /* whackamole.app */,
				CF66981E18CC30A800E2388B /* whackamoleTests.xctest */,
			);
			name = Products;
			sourceTree = "<group>";
		};
		CF6697FF18CC30A800E2388B /* Frameworks */ = {
			isa = PBXGroup;
			children = (
				CF66980018CC30A800E2388B /* Foundation.framework */,
				CF66980218CC30A800E2388B /* CoreGraphics.framework */,
				CF66980418CC30A800E2388B /* UIKit.framework */,
				CF66981F18CC30A800E2388B /* XCTest.framework */,
			);
			name = Frameworks;
			sourceTree = "<group>";
		};
		CF66980618CC30A800E2388B /* whackamole */ = {
			isa = PBXGroup;
			children = (
				CF66980F18CC30A800E2388B /* AAAppDelegate.h */,
				CF66981018CC30A800E2388B /* AAAppDelegate.m */,
				CF66981218CC30A800E2388B /* Main.storyboard */,
				CF66983518CC326B00E2388B /* AAFieldView.h */,
				CF66983618CC326B00E2388B /* AAFieldView.m */,
				CF66981518CC30A800E2388B /* AAViewController.h */,
				CF66981618CC30A800E2388B /* AAViewController.m */,
				CF66983818CC40BC00E2388B /* AAMole.h */,
				CF66983918CC40BC00E2388B /* AAMole.m */,
				CF66981818CC30A800E2388B /* Images.xcassets */,
				CF66980718CC30A800E2388B /* Supporting Files */,
			);
			path = whackamole;
			sourceTree = "<group>";
		};
		CF66980718CC30A800E2388B /* Supporting Files */ = {
			isa = PBXGroup;
			children = (
				CF66980818CC30A800E2388B /* whackamole-Info.plist */,
				CF66980918CC30A800E2388B /* InfoPlist.strings */,
				CF66980C18CC30A800E2388B /* main.m */,
				CF66980E18CC30A800E2388B /* whackamole-Prefix.pch */,
			);
			name = "Supporting Files";
			sourceTree = "<group>";
		};
		CF66982518CC30A800E2388B /* whackamoleTests */ = {
			isa = PBXGroup;
			children = (
				CF66982B18CC30A800E2388B /* whackamoleTests.m */,
				CF66982618CC30A800E2388B /* Supporting Files */,
			);
			path = whackamoleTests;
			sourceTree = "<group>";
		};
		CF66982618CC30A800E2388B /* Supporting Files */ = {
			isa = PBXGroup;
			children = (
				CF66982718CC30A800E2388B /* whackamoleTests-Info.plist */,
				CF66982818CC30A800E2388B /* InfoPlist.strings */,
			);
			name = "Supporting Files";
			sourceTree = "<group>";
		};
/* End PBXGroup section */

/* Begin PBXNativeTarget section */
		CF6697FC18CC30A800E2388B /* whackamole */ = {
			isa = PBXNativeTarget;
			buildConfigurationList = CF66982F18CC30A800E2388B /* Build configuration list for PBXNativeTarget "whackamole" */;
			buildPhases = (
				CF6697F918CC30A800E2388B /* Sources */,
				CF6697FA18CC30A800E2388B /* Frameworks */,
				CF6697FB18CC30A800E2388B /* Resources */,
			);
			buildRules = (
			);
			dependencies = (
			);
			name = whackamole;
			productName = whackamole;
			productReference = CF6697FD18CC30A800E2388B /* whackamole.app */;
			productType = "com.apple.product-type.application";
		};
		CF66981D18CC30A800E2388B /* whackamoleTests */ = {
			isa = PBXNativeTarget;
			buildConfigurationList = CF66983218CC30A800E2388B /* Build configuration list for PBXNativeTarget "whackamoleTests" */;
			buildPhases = (
				CF66981A18CC30A800E2388B /* Sources */,
				CF66981B18CC30A800E2388B /* Frameworks */,
				CF66981C18CC30A800E2388B /* Resources */,
			);
			buildRules = (
			);
			dependencies = (
				CF66982418CC30A800E2388B /* PBXTargetDependency */,
			);
			name = whackamoleTests;
			productName = whackamoleTests;
			productReference = CF66981E18CC30A800E2388B /* whackamoleTests.xctest */;
			productType = "com.apple.product-type.bundle.unit-test";
		};
/* End PBXNativeTarget section */

/* Begin PBXProject section */
		CF6697F518CC30A800E2388B /* Project object */ = {
			isa = PBXProject;
			attributes = {
				CLASSPREFIX = AA;
				LastUpgradeCheck = 0500;
				ORGANIZATIONNAME = AgencyAgency;
				TargetAttributes = {
					CF66981D18CC30A800E2388B = {
						TestTargetID = CF6697FC18CC30A800E2388B;
					};
				};
			};
			buildConfigurationList = CF6697F818CC30A800E2388B /* Build configuration list for PBXProject "whackamole" */;
			compatibilityVersion = "Xcode 3.2";
			developmentRegion = English;
			hasScannedForEncodings = 0;
			knownRegions = (
				en,
				Base,
			);
			mainGroup = CF6697F418CC30A800E2388B;
			productRefGroup = CF6697FE18CC30A800E2388B /* Products */;
			projectDirPath = "";
			projectRoot = "";
			targets = (
				CF6697FC18CC30A800E2388B /* whackamole */,
				CF66981D18CC30A800E2388B /* whackamoleTests */,
			);
		};
/* End PBXProject section */

/* Begin PBXResourcesBuildPhase section */
		CF6697FB18CC30A800E2388B /* Resources */ = {
			isa = PBXResourcesBuildPhase;
			buildActionMask = 2147483647;
			files = (
				CF66981918CC30A800E2388B /* Images.xcassets in Resources */,
				CF66980B18CC30A800E2388B /* InfoPlist.strings in Resources */,
				CF66981418CC30A800E2388B /* Main.storyboard in Resources */,
			);
			runOnlyForDeploymentPostprocessing = 0;
		};
		CF66981C18CC30A800E2388B /* Resources */ = {
			isa = PBXResourcesBuildPhase;
			buildActionMask = 2147483647;
			files = (
				CF66982A18CC30A800E2388B /* InfoPlist.strings in Resources */,
			);
			runOnlyForDeploymentPostprocessing = 0;
		};
/* End PBXResourcesBuildPhase section */

/* Begin PBXSourcesBuildPhase section */
		CF6697F918CC30A800E2388B /* Sources */ = {
			isa = PBXSourcesBuildPhase;
			buildActionMask = 2147483647;
			files = (
				CF66981118CC30A800E2388B /* AAAppDelegate.m in Sources */,
				CF66983718CC326B00E2388B /* AAFieldView.m in Sources */,
				CF66983A18CC40BC00E2388B /* AAMole.m in Sources */,
				CF66981718CC30A800E2388B /* AAViewController.m in Sources */,
				CF66980D18CC30A800E2388B /* main.m in Sources */,
			);
			runOnlyForDeploymentPostprocessing = 0;
		};
		CF66981A18CC30A800E2388B /* Sources */ = {
			isa = PBXSourcesBuildPhase;
			buildActionMask = 2147483647;
			files = (
				CF66982C18CC30A800E2388B /* whackamoleTests.m in Sources */,
			);
			runOnlyForDeploymentPostprocessing = 0;
		};
/* End PBXSourcesBuildPhase section */

/* Begin PBXTargetDependency section */
		CF66982418CC30A800E2388B /* PBXTargetDependency */ = {
			isa = PBXTargetDependency;
			target = CF6697FC18CC30A800E2388B /* whackamole */;
			targetProxy = CF66982318CC30A800E2388B /* PBXContainerItemProxy */;
		};
/* End PBXTargetDependency section */

/* Begin PBXVariantGroup section */
		CF66980918CC30A800E2388B /* InfoPlist.strings */ = {
			isa = PBXVariantGroup;
			children = (
				CF66980A18CC30A800E2388B /* en */,
			);
			name = InfoPlist.strings;
			sourceTree = "<group>";
		};
		CF66981218CC30A800E2388B /* Main.storyboard */ = {
			isa = PBXVariantGroup;
			children = (
				CF66981318CC30A800E2388B /* Base */,
			);
			name = Main.storyboard;
			sourceTree = "<group>";
		};
		CF66982818CC30A800E2388B /* InfoPlist.strings */ = {
			isa = PBXVariantGroup;
			children = (
				CF66982918CC30A800E2388B /* en */,
			);
			name = InfoPlist.strings;
			sourceTree = "<group>";
		};
/* End PBXVariantGroup section */

/* Begin XCBuildConfiguration section */
		CF66982D18CC30A800E2388B /* Debug */ = {
			isa = XCBuildConfiguration;
			buildSettings = {
				ALWAYS_SEARCH_USER_PATHS = NO;
				ARCHS = "$(ARCHS_STANDARD_INCLUDING_64_BIT)";
				CLANG_CXX_LANGUAGE_STANDARD = "gnu++0x";
				CLANG_CXX_LIBRARY = "libc++";
				CLANG_ENABLE_MODULES = YES;
				CLANG_ENABLE_OBJC_ARC = YES;
				CLANG_WARN_BOOL_CONVERSION = YES;
				CLANG_WARN_CONSTANT_CONVERSION = YES;
				CLANG_WARN_DIRECT_OBJC_ISA_USAGE = YES_ERROR;
				CLANG_WARN_EMPTY_BODY = YES;
				CLANG_WARN_ENUM_CONVERSION = YES;
				CLANG_WARN_INT_CONVERSION = YES;
				CLANG_WARN_OBJC_ROOT_CLASS = YES_ERROR;
				CLANG_WARN__DUPLICATE_METHOD_MATCH = YES;
				"CODE_SIGN_IDENTITY[sdk=iphoneos*]" = "iPhone Developer";
				COPY_PHASE_STRIP = NO;
				GCC_C_LANGUAGE_STANDARD = gnu99;
				GCC_DYNAMIC_NO_PIC = NO;
				GCC_OPTIMIZATION_LEVEL = 0;
				GCC_PREPROCESSOR_DEFINITIONS = (
					"DEBUG=1",
					"$(inherited)",
				);
				GCC_SYMBOLS_PRIVATE_EXTERN = NO;
				GCC_WARN_64_TO_32_BIT_CONVERSION = YES;
				GCC_WARN_ABOUT_RETURN_TYPE = YES_ERROR;
				GCC_WARN_UNDECLARED_SELECTOR = YES;
				GCC_WARN_UNINITIALIZED_AUTOS = YES;
				GCC_WARN_UNUSED_FUNCTION = YES;
				GCC_WARN_UNUSED_VARIABLE = YES;
				IPHONEOS_DEPLOYMENT_TARGET = 7.0;
				ONLY_ACTIVE_ARCH = YES;
				SDKROOT = iphoneos;
				TARGETED_DEVICE_FAMILY = 2;
			};
			name = Debug;
		};
		CF66982E18CC30A800E2388B /* Release */ = {
			isa = XCBuildConfiguration;
			buildSettings = {
				ALWAYS_SEARCH_USER_PATHS = NO;
				ARCHS = "$(ARCHS_STANDARD_INCLUDING_64_BIT)";
				CLANG_CXX_LANGUAGE_STANDARD = "gnu++0x";
				CLANG_CXX_LIBRARY = "libc++";
				CLANG_ENABLE_MODULES = YES;
				CLANG_ENABLE_OBJC_ARC = YES;
				CLANG_WARN_BOOL_CONVERSION = YES;
				CLANG_WARN_CONSTANT_CONVERSION = YES;
				CLANG_WARN_DIRECT_OBJC_ISA_USAGE = YES_ERROR;
				CLANG_WARN_EMPTY_BODY = YES;
				CLANG_WARN_ENUM_CONVERSION = YES;
				CLANG_WARN_INT_CONVERSION = YES;
				CLANG_WARN_OBJC_ROOT_CLASS = YES_ERROR;
				CLANG_WARN__DUPLICATE_METHOD_MATCH = YES;
				"CODE_SIGN_IDENTITY[sdk=iphoneos*]" = "iPhone Developer";
				COPY_PHASE_STRIP = YES;
				ENABLE_NS_ASSERTIONS = NO;
				GCC_C_LANGUAGE_STANDARD = gnu99;
				GCC_WARN_64_TO_32_BIT_CONVERSION = YES;
				GCC_WARN_ABOUT_RETURN_TYPE = YES_ERROR;
				GCC_WARN_UNDECLARED_SELECTOR = YES;
				GCC_WARN_UNINITIALIZED_AUTOS = YES;
				GCC_WARN_UNUSED_FUNCTION = YES;
				GCC_WARN_UNUSED_VARIABLE = YES;
				IPHONEOS_DEPLOYMENT_TARGET = 7.0;
				SDKROOT = iphoneos;
				TARGETED_DEVICE_FAMILY = 2;
				VALIDATE_PRODUCT = YES;
			};
			name = Release;
		};
		CF66983018CC30A800E2388B /* Debug */ = {
			isa = XCBuildConfiguration;
			buildSettings = {
				ASSETCATALOG_COMPILER_APPICON_NAME = AppIcon;
				ASSETCATALOG_COMPILER_LAUNCHIMAGE_NAME = LaunchImage;
				GCC_PRECOMPILE_PREFIX_HEADER = YES;
				GCC_PREFIX_HEADER = "whackamole/whackamole-Prefix.pch";
				INFOPLIST_FILE = "whackamole/whackamole-Info.plist";
				PRODUCT_NAME = "$(TARGET_NAME)";
				WRAPPER_EXTENSION = app;
			};
			name = Debug;
		};
		CF66983118CC30A800E2388B /* Release */ = {
			isa = XCBuildConfiguration;
			buildSettings = {
				ASSETCATALOG_COMPILER_APPICON_NAME = AppIcon;
				ASSETCATALOG_COMPILER_LAUNCHIMAGE_NAME = LaunchImage;
				GCC_PRECOMPILE_PREFIX_HEADER = YES;
				GCC_PREFIX_HEADER = "whackamole/whackamole-Prefix.pch";
				INFOPLIST_FILE = "whackamole/whackamole-Info.plist";
				PRODUCT_NAME = "$(TARGET_NAME)";
				WRAPPER_EXTENSION = app;
			};
			name = Release;
		};
		CF66983318CC30A800E2388B /* Debug */ = {
			isa = XCBuildConfiguration;
			buildSettings = {
				ARCHS = "$(ARCHS_STANDARD_INCLUDING_64_BIT)";
				BUNDLE_LOADER = "$(BUILT_PRODUCTS_DIR)/whackamole.app/whackamole";
				FRAMEWORK_SEARCH_PATHS = (
					"$(SDKROOT)/Developer/Library/Frameworks",
					"$(inherited)",
					"$(DEVELOPER_FRAMEWORKS_DIR)",
				);
				GCC_PRECOMPILE_PREFIX_HEADER = YES;
				GCC_PREFIX_HEADER = "whackamole/whackamole-Prefix.pch";
				GCC_PREPROCESSOR_DEFINITIONS = (
					"DEBUG=1",
					"$(inherited)",
				);
				INFOPLIST_FILE = "whackamoleTests/whackamoleTests-Info.plist";
				PRODUCT_NAME = "$(TARGET_NAME)";
				TEST_HOST = "$(BUNDLE_LOADER)";
				WRAPPER_EXTENSION = xctest;
			};
			name = Debug;
		};
		CF66983418CC30A800E2388B /* Release */ = {
			isa = XCBuildConfiguration;
			buildSettings = {
				ARCHS = "$(ARCHS_STANDARD_INCLUDING_64_BIT)";
				BUNDLE_LOADER = "$(BUILT_PRODUCTS_DIR)/whackamole.app/whackamole";
				FRAMEWORK_SEARCH_PATHS = (
					"$(SDKROOT)/Developer/Library/Frameworks",
					"$(inherited)",
					"$(DEVELOPER_FRAMEWORKS_DIR)",
				);
				GCC_PRECOMPILE_PREFIX_HEADER = YES;
				GCC_PREFIX_HEADER = "whackamole/whackamole-Prefix.pch";
				INFOPLIST_FILE = "whackamoleTests/whackamoleTests-Info.plist";
				PRODUCT_NAME = "$(TARGET_NAME)";
				TEST_HOST = "$(BUNDLE_LOADER)";
				WRAPPER_EXTENSION = xctest;
			};
			name = Release;
		};
/* End XCBuildConfiguration section */

/* Begin XCConfigurationList section */
		CF6697F818CC30A800E2388B /* Build configuration list for PBXProject "whackamole" */ = {
			isa = XCConfigurationList;
			buildConfigurations = (
				CF66982D18CC30A800E2388B /* Debug */,
				CF66982E18CC30A800E2388B /* Release */,
			);
			defaultConfigurationIsVisible = 0;
			defaultConfigurationName = Release;
		};
		CF66982F18CC30A800E2388B /* Build configuration list for PBXNativeTarget "whackamole" */ = {
			isa = XCConfigurationList;
			buildConfigurations = (
				CF66983018CC30A800E2388B /* Debug */,
				CF66983118CC30A800E2388B /* Release */,
			);
			defaultConfigurationIsVisible = 0;
		};
		CF66983218CC30A800E2388B /* Build configuration list for PBXNativeTarget "whackamoleTests" */ = {
			isa = XCConfigurationList;
			buildConfigurations = (
				CF66983318CC30A800E2388B /* Debug */,
				CF66983418CC30A800E2388B /* Release */,
			);
			defaultConfigurationIsVisible = 0;
		};
/* End XCConfigurationList section */
	};
	rootObject = CF6697F518CC30A800E2388B /* Project object */;
}
